
Microsoft Visual Studio Solution File, Format Version 12.00
# Visual Studio Version 17
VisualStudioVersion = 17.2.32616.157
MinimumVisualStudioVersion = 10.0.40219.1
Project("{FAE04EC0-301F-11D3-BF4B-00C04F79EFBC}") = "Aula20230330", "Aula20230330\Aula20230330.csproj", "{2ED2D7C5-B5C9-4DA1-ACB7-E2766832C9DA}"
EndProject
Global
	GlobalSection(SolutionConfigurationPlatforms) = preSolution
		Debug|Any CPU = Debug|Any CPU
		Release|Any CPU = Release|Any CPU
	EndGlobalSection
	GlobalSection(ProjectConfigurationPlatforms) = postSolution
		{2ED2D7C5-B5C9-4DA1-ACB7-E2766832C9DA}.Debug|Any CPU.ActiveCfg = Debug|Any CPU
		{2ED2D7C5-B5C9-4DA1-ACB7-E2766832C9DA}.Debug|Any CPU.Build.0 = Debug|Any CPU
		{2ED2D7C5-B5C9-4DA1-ACB7-E2766832C9DA}.Release|Any CPU.ActiveCfg = Release|Any CPU
		{2ED2D7C5-B5C9-4DA1-ACB7-E2766832C9DA}.Release|Any CPU.Build.0 = Release|Any CPU
	EndGlobalSection
	GlobalSection(SolutionProperties) = preSolution
		HideSolutionNode = FALSE
	EndGlobalSection
	GlobalSection(ExtensibilityGlobals) = postSolution
		SolutionGuid = {8200DDD9-7439-4E2C-ADE6-4F6D596A92CC}
	EndGlobalSection
EndGlobal
