
Microsoft Visual Studio Solution File, Format Version 12.00
# Visual Studio Version 17
VisualStudioVersion = 17.2.32616.157
MinimumVisualStudioVersion = 10.0.40219.1
Project("{FAE04EC0-301F-11D3-BF4B-00C04F79EFBC}") = "Aula20230516 Data e Hora", "Aula20230516 Data e Hora\Aula20230516 Data e Hora.csproj", "{985E0AA3-5364-47C6-8015-CDE2473F42EE}"
EndProject
Project("{FAE04EC0-301F-11D3-BF4B-00C04F79EFBC}") = "Aula20230516 Exercício 1", "Aula20230516 Exercício 1\Aula20230516 Exercício 1.csproj", "{6164C26F-3E7D-420E-BA93-C2C3F0AA8302}"
EndProject
Project("{FAE04EC0-301F-11D3-BF4B-00C04F79EFBC}") = "Aula20230516 Exercício 2", "Aula20230516 Exercício 2\Aula20230516 Exercício 2.csproj", "{A45B5DF8-50A3-4976-AC15-B839E8B9C0BA}"
EndProject
Project("{FAE04EC0-301F-11D3-BF4B-00C04F79EFBC}") = "Aula20230516 Exercício 3", "Aula20230516 Exercício 3\Aula20230516 Exercício 3.csproj", "{0BC92055-79BA-4761-93BA-145322C0ED46}"
EndProject
Global
	GlobalSection(SolutionConfigurationPlatforms) = preSolution
		Debug|Any CPU = Debug|Any CPU
		Release|Any CPU = Release|Any CPU
	EndGlobalSection
	GlobalSection(ProjectConfigurationPlatforms) = postSolution
		{985E0AA3-5364-47C6-8015-CDE2473F42EE}.Debug|Any CPU.ActiveCfg = Debug|Any CPU
		{985E0AA3-5364-47C6-8015-CDE2473F42EE}.Debug|Any CPU.Build.0 = Debug|Any CPU
		{985E0AA3-5364-47C6-8015-CDE2473F42EE}.Release|Any CPU.ActiveCfg = Release|Any CPU
		{985E0AA3-5364-47C6-8015-CDE2473F42EE}.Release|Any CPU.Build.0 = Release|Any CPU
		{6164C26F-3E7D-420E-BA93-C2C3F0AA8302}.Debug|Any CPU.ActiveCfg = Debug|Any CPU
		{6164C26F-3E7D-420E-BA93-C2C3F0AA8302}.Debug|Any CPU.Build.0 = Debug|Any CPU
		{6164C26F-3E7D-420E-BA93-C2C3F0AA8302}.Release|Any CPU.ActiveCfg = Release|Any CPU
		{6164C26F-3E7D-420E-BA93-C2C3F0AA8302}.Release|Any CPU.Build.0 = Release|Any CPU
		{A45B5DF8-50A3-4976-AC15-B839E8B9C0BA}.Debug|Any CPU.ActiveCfg = Debug|Any CPU
		{A45B5DF8-50A3-4976-AC15-B839E8B9C0BA}.Debug|Any CPU.Build.0 = Debug|Any CPU
		{A45B5DF8-50A3-4976-AC15-B839E8B9C0BA}.Release|Any CPU.ActiveCfg = Release|Any CPU
		{A45B5DF8-50A3-4976-AC15-B839E8B9C0BA}.Release|Any CPU.Build.0 = Release|Any CPU
		{0BC92055-79BA-4761-93BA-145322C0ED46}.Debug|Any CPU.ActiveCfg = Debug|Any CPU
		{0BC92055-79BA-4761-93BA-145322C0ED46}.Debug|Any CPU.Build.0 = Debug|Any CPU
		{0BC92055-79BA-4761-93BA-145322C0ED46}.Release|Any CPU.ActiveCfg = Release|Any CPU
		{0BC92055-79BA-4761-93BA-145322C0ED46}.Release|Any CPU.Build.0 = Release|Any CPU
	EndGlobalSection
	GlobalSection(SolutionProperties) = preSolution
		HideSolutionNode = FALSE
	EndGlobalSection
	GlobalSection(ExtensibilityGlobals) = postSolution
		SolutionGuid = {3DF819ED-5ACF-482A-B71F-6BB082C8DB33}
	EndGlobalSection
EndGlobal
