
Microsoft Visual Studio Solution File, Format Version 12.00
# Visual Studio Version 17
VisualStudioVersion = 17.2.32616.157
MinimumVisualStudioVersion = 10.0.40219.1
Project("{FAE04EC0-301F-11D3-BF4B-00C04F79EFBC}") = "Aula20230516 Data e Hora", "Aula20230516 Data e Hora\Aula20230516 Data e Hora.csproj", "{985E0AA3-5364-47C6-8015-CDE2473F42EE}"
EndProject
Global
	GlobalSection(SolutionConfigurationPlatforms) = preSolution
		Debug|Any CPU = Debug|Any CPU
		Release|Any CPU = Release|Any CPU
	EndGlobalSection
	GlobalSection(ProjectConfigurationPlatforms) = postSolution
		{985E0AA3-5364-47C6-8015-CDE2473F42EE}.Debug|Any CPU.ActiveCfg = Debug|Any CPU
		{985E0AA3-5364-47C6-8015-CDE2473F42EE}.Debug|Any CPU.Build.0 = Debug|Any CPU
		{985E0AA3-5364-47C6-8015-CDE2473F42EE}.Release|Any CPU.ActiveCfg = Release|Any CPU
		{985E0AA3-5364-47C6-8015-CDE2473F42EE}.Release|Any CPU.Build.0 = Release|Any CPU
	EndGlobalSection
	GlobalSection(SolutionProperties) = preSolution
		HideSolutionNode = FALSE
	EndGlobalSection
	GlobalSection(ExtensibilityGlobals) = postSolution
		SolutionGuid = {3DF819ED-5ACF-482A-B71F-6BB082C8DB33}
	EndGlobalSection
EndGlobal
