
Microsoft Visual Studio Solution File, Format Version 12.00
# Visual Studio Version 17
VisualStudioVersion = 17.2.32616.157
MinimumVisualStudioVersion = 10.0.40219.1
Project("{FAE04EC0-301F-11D3-BF4B-00C04F79EFBC}") = "Aula20230228 Lista de Exercícios Csharp3", "Aula20230228 Lista de Exercícios Csharp3.csproj", "{4581DB7B-C296-45AE-A124-188A6642585E}"
EndProject
Global
	GlobalSection(SolutionConfigurationPlatforms) = preSolution
		Debug|Any CPU = Debug|Any CPU
		Release|Any CPU = Release|Any CPU
	EndGlobalSection
	GlobalSection(ProjectConfigurationPlatforms) = postSolution
		{4581DB7B-C296-45AE-A124-188A6642585E}.Debug|Any CPU.ActiveCfg = Debug|Any CPU
		{4581DB7B-C296-45AE-A124-188A6642585E}.Debug|Any CPU.Build.0 = Debug|Any CPU
		{4581DB7B-C296-45AE-A124-188A6642585E}.Release|Any CPU.ActiveCfg = Release|Any CPU
		{4581DB7B-C296-45AE-A124-188A6642585E}.Release|Any CPU.Build.0 = Release|Any CPU
	EndGlobalSection
	GlobalSection(SolutionProperties) = preSolution
		HideSolutionNode = FALSE
	EndGlobalSection
	GlobalSection(ExtensibilityGlobals) = postSolution
		SolutionGuid = {6926903A-9408-474E-A196-01E70A57428A}
	EndGlobalSection
EndGlobal
