
Microsoft Visual Studio Solution File, Format Version 12.00
# Visual Studio Version 17
VisualStudioVersion = 17.2.32616.157
MinimumVisualStudioVersion = 10.0.40219.1
Project("{FAE04EC0-301F-11D3-BF4B-00C04F79EFBC}") = "Aula20230525 Array", "Aula20230525 Array\Aula20230525 Array.csproj", "{284B6AB4-CDFC-4037-8466-E9E931F145A2}"
EndProject
Global
	GlobalSection(SolutionConfigurationPlatforms) = preSolution
		Debug|Any CPU = Debug|Any CPU
		Release|Any CPU = Release|Any CPU
	EndGlobalSection
	GlobalSection(ProjectConfigurationPlatforms) = postSolution
		{284B6AB4-CDFC-4037-8466-E9E931F145A2}.Debug|Any CPU.ActiveCfg = Debug|Any CPU
		{284B6AB4-CDFC-4037-8466-E9E931F145A2}.Debug|Any CPU.Build.0 = Debug|Any CPU
		{284B6AB4-CDFC-4037-8466-E9E931F145A2}.Release|Any CPU.ActiveCfg = Release|Any CPU
		{284B6AB4-CDFC-4037-8466-E9E931F145A2}.Release|Any CPU.Build.0 = Release|Any CPU
	EndGlobalSection
	GlobalSection(SolutionProperties) = preSolution
		HideSolutionNode = FALSE
	EndGlobalSection
	GlobalSection(ExtensibilityGlobals) = postSolution
		SolutionGuid = {8CFE3376-CC7B-48FC-8920-B13F7EBD02D1}
	EndGlobalSection
EndGlobal
